
Microsoft Visual Studio Solution File, Format Version 12.00
# Visual Studio Version 17
VisualStudioVersion = 17.0.31903.59
MinimumVisualStudioVersion = 10.0.40219.1
Project("{9A19103F-16F7-4668-BE54-9A1E7A4F7556}") = "wpf1", "wpf1.csproj", "{37DD193E-0C45-4740-8782-EB9D1313221D}"
EndProject
Global
	GlobalSection(SolutionConfigurationPlatforms) = preSolution
		Debug|Any CPU = Debug|Any CPU
		Release|Any CPU = Release|Any CPU
	EndGlobalSection
	GlobalSection(ProjectConfigurationPlatforms) = postSolution
		{37DD193E-0C45-4740-8782-EB9D1313221D}.Debug|Any CPU.ActiveCfg = Debug|Any CPU
		{37DD193E-0C45-4740-8782-EB9D1313221D}.Debug|Any CPU.Build.0 = Debug|Any CPU
		{37DD193E-0C45-4740-8782-EB9D1313221D}.Release|Any CPU.ActiveCfg = Release|Any CPU
		{37DD193E-0C45-4740-8782-EB9D1313221D}.Release|Any CPU.Build.0 = Release|Any CPU
	EndGlobalSection
	GlobalSection(SolutionProperties) = preSolution
		HideSolutionNode = FALSE
	EndGlobalSection
	GlobalSection(ExtensibilityGlobals) = postSolution
		SolutionGuid = {2203C7DB-5243-46F2-BE0A-85308B25FF42}
	EndGlobalSection
EndGlobal
